
Microsoft Visual Studio Solution File, Format Version 12.00
# Visual Studio 15
VisualStudioVersion = 15.0.26124.0
MinimumVisualStudioVersion = 15.0.26124.0
Project("{FAE04EC0-301F-11D3-BF4B-00C04F79EFBC}") = "Domain", "Domain\Domain.csproj", "{8F9ED455-77C4-43FE-BB3D-B3DBF3606CFF}"
EndProject
Project("{FAE04EC0-301F-11D3-BF4B-00C04F79EFBC}") = "Application", "Application\Application.csproj", "{992E5E82-535E-4CA7-9519-9F3DCF3AC0C0}"
EndProject
Project("{FAE04EC0-301F-11D3-BF4B-00C04F79EFBC}") = "Persistence", "Persistence\Persistence.csproj", "{C9718BB7-9C71-420E-A0C9-9569DC7B6A53}"
EndProject
Project("{FAE04EC0-301F-11D3-BF4B-00C04F79EFBC}") = "API", "API\API.csproj", "{93119B30-168A-451F-972D-5319E76545A2}"
EndProject
Global
	GlobalSection(SolutionConfigurationPlatforms) = preSolution
		Debug|Any CPU = Debug|Any CPU
		Debug|x64 = Debug|x64
		Debug|x86 = Debug|x86
		Release|Any CPU = Release|Any CPU
		Release|x64 = Release|x64
		Release|x86 = Release|x86
	EndGlobalSection
	GlobalSection(SolutionProperties) = preSolution
		HideSolutionNode = FALSE
	EndGlobalSection
	GlobalSection(ProjectConfigurationPlatforms) = postSolution
		{8F9ED455-77C4-43FE-BB3D-B3DBF3606CFF}.Debug|Any CPU.ActiveCfg = Debug|Any CPU
		{8F9ED455-77C4-43FE-BB3D-B3DBF3606CFF}.Debug|Any CPU.Build.0 = Debug|Any CPU
		{8F9ED455-77C4-43FE-BB3D-B3DBF3606CFF}.Debug|x64.ActiveCfg = Debug|Any CPU
		{8F9ED455-77C4-43FE-BB3D-B3DBF3606CFF}.Debug|x64.Build.0 = Debug|Any CPU
		{8F9ED455-77C4-43FE-BB3D-B3DBF3606CFF}.Debug|x86.ActiveCfg = Debug|Any CPU
		{8F9ED455-77C4-43FE-BB3D-B3DBF3606CFF}.Debug|x86.Build.0 = Debug|Any CPU
		{8F9ED455-77C4-43FE-BB3D-B3DBF3606CFF}.Release|Any CPU.ActiveCfg = Release|Any CPU
		{8F9ED455-77C4-43FE-BB3D-B3DBF3606CFF}.Release|Any CPU.Build.0 = Release|Any CPU
		{8F9ED455-77C4-43FE-BB3D-B3DBF3606CFF}.Release|x64.ActiveCfg = Release|Any CPU
		{8F9ED455-77C4-43FE-BB3D-B3DBF3606CFF}.Release|x64.Build.0 = Release|Any CPU
		{8F9ED455-77C4-43FE-BB3D-B3DBF3606CFF}.Release|x86.ActiveCfg = Release|Any CPU
		{8F9ED455-77C4-43FE-BB3D-B3DBF3606CFF}.Release|x86.Build.0 = Release|Any CPU
		{992E5E82-535E-4CA7-9519-9F3DCF3AC0C0}.Debug|Any CPU.ActiveCfg = Debug|Any CPU
		{992E5E82-535E-4CA7-9519-9F3DCF3AC0C0}.Debug|Any CPU.Build.0 = Debug|Any CPU
		{992E5E82-535E-4CA7-9519-9F3DCF3AC0C0}.Debug|x64.ActiveCfg = Debug|Any CPU
		{992E5E82-535E-4CA7-9519-9F3DCF3AC0C0}.Debug|x64.Build.0 = Debug|Any CPU
		{992E5E82-535E-4CA7-9519-9F3DCF3AC0C0}.Debug|x86.ActiveCfg = Debug|Any CPU
		{992E5E82-535E-4CA7-9519-9F3DCF3AC0C0}.Debug|x86.Build.0 = Debug|Any CPU
		{992E5E82-535E-4CA7-9519-9F3DCF3AC0C0}.Release|Any CPU.ActiveCfg = Release|Any CPU
		{992E5E82-535E-4CA7-9519-9F3DCF3AC0C0}.Release|Any CPU.Build.0 = Release|Any CPU
		{992E5E82-535E-4CA7-9519-9F3DCF3AC0C0}.Release|x64.ActiveCfg = Release|Any CPU
		{992E5E82-535E-4CA7-9519-9F3DCF3AC0C0}.Release|x64.Build.0 = Release|Any CPU
		{992E5E82-535E-4CA7-9519-9F3DCF3AC0C0}.Release|x86.ActiveCfg = Release|Any CPU
		{992E5E82-535E-4CA7-9519-9F3DCF3AC0C0}.Release|x86.Build.0 = Release|Any CPU
		{C9718BB7-9C71-420E-A0C9-9569DC7B6A53}.Debug|Any CPU.ActiveCfg = Debug|Any CPU
		{C9718BB7-9C71-420E-A0C9-9569DC7B6A53}.Debug|Any CPU.Build.0 = Debug|Any CPU
		{C9718BB7-9C71-420E-A0C9-9569DC7B6A53}.Debug|x64.ActiveCfg = Debug|Any CPU
		{C9718BB7-9C71-420E-A0C9-9569DC7B6A53}.Debug|x64.Build.0 = Debug|Any CPU
		{C9718BB7-9C71-420E-A0C9-9569DC7B6A53}.Debug|x86.ActiveCfg = Debug|Any CPU
		{C9718BB7-9C71-420E-A0C9-9569DC7B6A53}.Debug|x86.Build.0 = Debug|Any CPU
		{C9718BB7-9C71-420E-A0C9-9569DC7B6A53}.Release|Any CPU.ActiveCfg = Release|Any CPU
		{C9718BB7-9C71-420E-A0C9-9569DC7B6A53}.Release|Any CPU.Build.0 = Release|Any CPU
		{C9718BB7-9C71-420E-A0C9-9569DC7B6A53}.Release|x64.ActiveCfg = Release|Any CPU
		{C9718BB7-9C71-420E-A0C9-9569DC7B6A53}.Release|x64.Build.0 = Release|Any CPU
		{C9718BB7-9C71-420E-A0C9-9569DC7B6A53}.Release|x86.ActiveCfg = Release|Any CPU
		{C9718BB7-9C71-420E-A0C9-9569DC7B6A53}.Release|x86.Build.0 = Release|Any CPU
		{93119B30-168A-451F-972D-5319E76545A2}.Debug|Any CPU.ActiveCfg = Debug|Any CPU
		{93119B30-168A-451F-972D-5319E76545A2}.Debug|Any CPU.Build.0 = Debug|Any CPU
		{93119B30-168A-451F-972D-5319E76545A2}.Debug|x64.ActiveCfg = Debug|Any CPU
		{93119B30-168A-451F-972D-5319E76545A2}.Debug|x64.Build.0 = Debug|Any CPU
		{93119B30-168A-451F-972D-5319E76545A2}.Debug|x86.ActiveCfg = Debug|Any CPU
		{93119B30-168A-451F-972D-5319E76545A2}.Debug|x86.Build.0 = Debug|Any CPU
		{93119B30-168A-451F-972D-5319E76545A2}.Release|Any CPU.ActiveCfg = Release|Any CPU
		{93119B30-168A-451F-972D-5319E76545A2}.Release|Any CPU.Build.0 = Release|Any CPU
		{93119B30-168A-451F-972D-5319E76545A2}.Release|x64.ActiveCfg = Release|Any CPU
		{93119B30-168A-451F-972D-5319E76545A2}.Release|x64.Build.0 = Release|Any CPU
		{93119B30-168A-451F-972D-5319E76545A2}.Release|x86.ActiveCfg = Release|Any CPU
		{93119B30-168A-451F-972D-5319E76545A2}.Release|x86.Build.0 = Release|Any CPU
	EndGlobalSection
EndGlobal
